{
  "name": "next-generation-scrum-poker",
  "version": "1.0.0",
  "lockfileVersion": 1,
  "requires": true,
  "dependencies": {
    "servor": {
      "version": "3.2.0",
      "resolved": "https://registry.npmjs.org/servor/-/servor-3.2.0.tgz",
      "integrity": "sha512-L9wmcl6AMlDN4DOmnjpY2ZoWmC3c6h4dxAug5oNq1uQrV2ZuPc6pKejwsZ23EBo7Sw0nZUZ8zN0qswHc/JZs2g==",
      "dev": true
    },
    "typescript": {
      "version": "3.8.3",
      "resolved": "https://registry.npmjs.org/typescript/-/typescript-3.8.3.tgz",
      "integrity": "sha512-MYlEfn5VrLNsgudQTVJeNaQFUAI7DkhnOjdpAp4T+ku1TfQClewlbSuTVHiA+8skNBgaf02TL/kLOvig4y3G8w==",
      "dev": true
    }
  }
}
